
Microsoft Visual Studio Solution File, Format Version 12.00
# Visual Studio Version 17
VisualStudioVersion = 17.0.31903.59
MinimumVisualStudioVersion = 10.0.40219.1
Project("{2150E333-8FDC-42A3-9474-1A3956D46DE8}") = "src", "src", "{827E0CD3-B72D-47B6-A68D-7590B98EB39B}"
EndProject
Project("{FAE04EC0-301F-11D3-BF4B-00C04F79EFBC}") = "Pulgapp.Server.App", "src\Pulgapp.Server.App\Pulgapp.Server.App.csproj", "{24E2C0FC-490F-4B99-8471-E0B48E195F38}"
EndProject
Project("{FAE04EC0-301F-11D3-BF4B-00C04F79EFBC}") = "Pulgapp.Server.Core", "src\Pulgapp.Server.Core\Pulgapp.Server.Core.csproj", "{1DE43FAC-C8C1-4890-81F2-D4EE5BBB42EA}"
EndProject
Project("{FAE04EC0-301F-11D3-BF4B-00C04F79EFBC}") = "Pulgapp.Server.Protocol", "src\Pulgapp.Server.Protocol\Pulgapp.Server.Protocol.csproj", "{DA5A4863-3109-4AF8-8ABE-52BAF997CCBB}"
EndProject
Project("{FAE04EC0-301F-11D3-BF4B-00C04F79EFBC}") = "Pulgapp.Server.Infrastructure", "src\Pulgapp.Server.Infrastructure\Pulgapp.Server.Infrastructure.csproj", "{431E5940-1312-4853-84E6-3EB0DB005628}"
EndProject
Project("{2150E333-8FDC-42A3-9474-1A3956D46DE8}") = "tests", "tests", "{0AB3BF05-4346-4AA6-1389-037BE0695223}"
EndProject
Project("{FAE04EC0-301F-11D3-BF4B-00C04F79EFBC}") = "Pulgapp.Server.Core.Tests", "tests\Pulgapp.Server.Core.Tests\Pulgapp.Server.Core.Tests.csproj", "{CD80532C-C022-4FCA-A279-87F7F3D48710}"
EndProject
Project("{FAE04EC0-301F-11D3-BF4B-00C04F79EFBC}") = "Pulgapp.Server.Protocol.Tests", "tests\Pulgapp.Server.Protocol.Tests\Pulgapp.Server.Protocol.Tests.csproj", "{E7D98F15-F091-49BD-BF83-5644EEAFC1DD}"
EndProject
Project("{FAE04EC0-301F-11D3-BF4B-00C04F79EFBC}") = "Pulgapp.Server.Infrastructure.Tests", "tests\Pulgapp.Server.Infrastructure.Tests\Pulgapp.Server.Infrastructure.Tests.csproj", "{619AEC0C-C095-4633-9E9B-72645832E6F5}"
EndProject
Project("{FAE04EC0-301F-11D3-BF4B-00C04F79EFBC}") = "Pulgapp.Server.IntegrationTests", "tests\Pulgapp.Server.IntegrationTests\Pulgapp.Server.IntegrationTests.csproj", "{C687B1E3-EAA6-439B-86A8-342B954BAA81}"
EndProject
Project("{2150E333-8FDC-42A3-9474-1A3956D46DE8}") = "tools", "tools", "{07C2787E-EAC7-C090-1BA3-A61EC2A24D84}"
EndProject
Project("{FAE04EC0-301F-11D3-BF4B-00C04F79EFBC}") = "Pulgapp.DriverDiagnostics", "tools\Pulgapp.DriverDiagnostics\Pulgapp.DriverDiagnostics.csproj", "{19BE79F7-59C7-4E3F-9012-06D0EEEDD8EB}"
EndProject
Project("{FAE04EC0-301F-11D3-BF4B-00C04F79EFBC}") = "Pulgapp.LoadGenerator", "tools\Pulgapp.LoadGenerator\Pulgapp.LoadGenerator.csproj", "{0D6BBB99-B808-47B2-80B7-03977FD759E4}"
EndProject
Global
	GlobalSection(SolutionConfigurationPlatforms) = preSolution
		Debug|Any CPU = Debug|Any CPU
		Debug|x64 = Debug|x64
		Debug|x86 = Debug|x86
		Release|Any CPU = Release|Any CPU
		Release|x64 = Release|x64
		Release|x86 = Release|x86
	EndGlobalSection
	GlobalSection(ProjectConfigurationPlatforms) = postSolution
		{24E2C0FC-490F-4B99-8471-E0B48E195F38}.Debug|Any CPU.ActiveCfg = Debug|Any CPU
		{24E2C0FC-490F-4B99-8471-E0B48E195F38}.Debug|Any CPU.Build.0 = Debug|Any CPU
		{24E2C0FC-490F-4B99-8471-E0B48E195F38}.Debug|x64.ActiveCfg = Debug|Any CPU
		{24E2C0FC-490F-4B99-8471-E0B48E195F38}.Debug|x64.Build.0 = Debug|Any CPU
		{24E2C0FC-490F-4B99-8471-E0B48E195F38}.Debug|x86.ActiveCfg = Debug|Any CPU
		{24E2C0FC-490F-4B99-8471-E0B48E195F38}.Debug|x86.Build.0 = Debug|Any CPU
		{24E2C0FC-490F-4B99-8471-E0B48E195F38}.Release|Any CPU.ActiveCfg = Release|Any CPU
		{24E2C0FC-490F-4B99-8471-E0B48E195F38}.Release|Any CPU.Build.0 = Release|Any CPU
		{24E2C0FC-490F-4B99-8471-E0B48E195F38}.Release|x64.ActiveCfg = Release|Any CPU
		{24E2C0FC-490F-4B99-8471-E0B48E195F38}.Release|x64.Build.0 = Release|Any CPU
		{24E2C0FC-490F-4B99-8471-E0B48E195F38}.Release|x86.ActiveCfg = Release|Any CPU
		{24E2C0FC-490F-4B99-8471-E0B48E195F38}.Release|x86.Build.0 = Release|Any CPU
		{1DE43FAC-C8C1-4890-81F2-D4EE5BBB42EA}.Debug|Any CPU.ActiveCfg = Debug|Any CPU
		{1DE43FAC-C8C1-4890-81F2-D4EE5BBB42EA}.Debug|Any CPU.Build.0 = Debug|Any CPU
		{1DE43FAC-C8C1-4890-81F2-D4EE5BBB42EA}.Debug|x64.ActiveCfg = Debug|Any CPU
		{1DE43FAC-C8C1-4890-81F2-D4EE5BBB42EA}.Debug|x64.Build.0 = Debug|Any CPU
		{1DE43FAC-C8C1-4890-81F2-D4EE5BBB42EA}.Debug|x86.ActiveCfg = Debug|Any CPU
		{1DE43FAC-C8C1-4890-81F2-D4EE5BBB42EA}.Debug|x86.Build.0 = Debug|Any CPU
		{1DE43FAC-C8C1-4890-81F2-D4EE5BBB42EA}.Release|Any CPU.ActiveCfg = Release|Any CPU
		{1DE43FAC-C8C1-4890-81F2-D4EE5BBB42EA}.Release|Any CPU.Build.0 = Release|Any CPU
		{1DE43FAC-C8C1-4890-81F2-D4EE5BBB42EA}.Release|x64.ActiveCfg = Release|Any CPU
		{1DE43FAC-C8C1-4890-81F2-D4EE5BBB42EA}.Release|x64.Build.0 = Release|Any CPU
		{1DE43FAC-C8C1-4890-81F2-D4EE5BBB42EA}.Release|x86.ActiveCfg = Release|Any CPU
		{1DE43FAC-C8C1-4890-81F2-D4EE5BBB42EA}.Release|x86.Build.0 = Release|Any CPU
		{DA5A4863-3109-4AF8-8ABE-52BAF997CCBB}.Debug|Any CPU.ActiveCfg = Debug|Any CPU
		{DA5A4863-3109-4AF8-8ABE-52BAF997CCBB}.Debug|Any CPU.Build.0 = Debug|Any CPU
		{DA5A4863-3109-4AF8-8ABE-52BAF997CCBB}.Debug|x64.ActiveCfg = Debug|Any CPU
		{DA5A4863-3109-4AF8-8ABE-52BAF997CCBB}.Debug|x64.Build.0 = Debug|Any CPU
		{DA5A4863-3109-4AF8-8ABE-52BAF997CCBB}.Debug|x86.ActiveCfg = Debug|Any CPU
		{DA5A4863-3109-4AF8-8ABE-52BAF997CCBB}.Debug|x86.Build.0 = Debug|Any CPU
		{DA5A4863-3109-4AF8-8ABE-52BAF997CCBB}.Release|Any CPU.ActiveCfg = Release|Any CPU
		{DA5A4863-3109-4AF8-8ABE-52BAF997CCBB}.Release|Any CPU.Build.0 = Release|Any CPU
		{DA5A4863-3109-4AF8-8ABE-52BAF997CCBB}.Release|x64.ActiveCfg = Release|Any CPU
		{DA5A4863-3109-4AF8-8ABE-52BAF997CCBB}.Release|x64.Build.0 = Release|Any CPU
		{DA5A4863-3109-4AF8-8ABE-52BAF997CCBB}.Release|x86.ActiveCfg = Release|Any CPU
		{DA5A4863-3109-4AF8-8ABE-52BAF997CCBB}.Release|x86.Build.0 = Release|Any CPU
		{431E5940-1312-4853-84E6-3EB0DB005628}.Debug|Any CPU.ActiveCfg = Debug|Any CPU
		{431E5940-1312-4853-84E6-3EB0DB005628}.Debug|Any CPU.Build.0 = Debug|Any CPU
		{431E5940-1312-4853-84E6-3EB0DB005628}.Debug|x64.ActiveCfg = Debug|Any CPU
		{431E5940-1312-4853-84E6-3EB0DB005628}.Debug|x64.Build.0 = Debug|Any CPU
		{431E5940-1312-4853-84E6-3EB0DB005628}.Debug|x86.ActiveCfg = Debug|Any CPU
		{431E5940-1312-4853-84E6-3EB0DB005628}.Debug|x86.Build.0 = Debug|Any CPU
		{431E5940-1312-4853-84E6-3EB0DB005628}.Release|Any CPU.ActiveCfg = Release|Any CPU
		{431E5940-1312-4853-84E6-3EB0DB005628}.Release|Any CPU.Build.0 = Release|Any CPU
		{431E5940-1312-4853-84E6-3EB0DB005628}.Release|x64.ActiveCfg = Release|Any CPU
		{431E5940-1312-4853-84E6-3EB0DB005628}.Release|x64.Build.0 = Release|Any CPU
		{431E5940-1312-4853-84E6-3EB0DB005628}.Release|x86.ActiveCfg = Release|Any CPU
		{431E5940-1312-4853-84E6-3EB0DB005628}.Release|x86.Build.0 = Release|Any CPU
		{CD80532C-C022-4FCA-A279-87F7F3D48710}.Debug|Any CPU.ActiveCfg = Debug|Any CPU
		{CD80532C-C022-4FCA-A279-87F7F3D48710}.Debug|Any CPU.Build.0 = Debug|Any CPU
		{CD80532C-C022-4FCA-A279-87F7F3D48710}.Debug|x64.ActiveCfg = Debug|Any CPU
		{CD80532C-C022-4FCA-A279-87F7F3D48710}.Debug|x64.Build.0 = Debug|Any CPU
		{CD80532C-C022-4FCA-A279-87F7F3D48710}.Debug|x86.ActiveCfg = Debug|Any CPU
		{CD80532C-C022-4FCA-A279-87F7F3D48710}.Debug|x86.Build.0 = Debug|Any CPU
		{CD80532C-C022-4FCA-A279-87F7F3D48710}.Release|Any CPU.ActiveCfg = Release|Any CPU
		{CD80532C-C022-4FCA-A279-87F7F3D48710}.Release|Any CPU.Build.0 = Release|Any CPU
		{CD80532C-C022-4FCA-A279-87F7F3D48710}.Release|x64.ActiveCfg = Release|Any CPU
		{CD80532C-C022-4FCA-A279-87F7F3D48710}.Release|x64.Build.0 = Release|Any CPU
		{CD80532C-C022-4FCA-A279-87F7F3D48710}.Release|x86.ActiveCfg = Release|Any CPU
		{CD80532C-C022-4FCA-A279-87F7F3D48710}.Release|x86.Build.0 = Release|Any CPU
		{E7D98F15-F091-49BD-BF83-5644EEAFC1DD}.Debug|Any CPU.ActiveCfg = Debug|Any CPU
		{E7D98F15-F091-49BD-BF83-5644EEAFC1DD}.Debug|Any CPU.Build.0 = Debug|Any CPU
		{E7D98F15-F091-49BD-BF83-5644EEAFC1DD}.Debug|x64.ActiveCfg = Debug|Any CPU
		{E7D98F15-F091-49BD-BF83-5644EEAFC1DD}.Debug|x64.Build.0 = Debug|Any CPU
		{E7D98F15-F091-49BD-BF83-5644EEAFC1DD}.Debug|x86.ActiveCfg = Debug|Any CPU
		{E7D98F15-F091-49BD-BF83-5644EEAFC1DD}.Debug|x86.Build.0 = Debug|Any CPU
		{E7D98F15-F091-49BD-BF83-5644EEAFC1DD}.Release|Any CPU.ActiveCfg = Release|Any CPU
		{E7D98F15-F091-49BD-BF83-5644EEAFC1DD}.Release|Any CPU.Build.0 = Release|Any CPU
		{E7D98F15-F091-49BD-BF83-5644EEAFC1DD}.Release|x64.ActiveCfg = Release|Any CPU
		{E7D98F15-F091-49BD-BF83-5644EEAFC1DD}.Release|x64.Build.0 = Release|Any CPU
		{E7D98F15-F091-49BD-BF83-5644EEAFC1DD}.Release|x86.ActiveCfg = Release|Any CPU
		{E7D98F15-F091-49BD-BF83-5644EEAFC1DD}.Release|x86.Build.0 = Release|Any CPU
		{619AEC0C-C095-4633-9E9B-72645832E6F5}.Debug|Any CPU.ActiveCfg = Debug|Any CPU
		{619AEC0C-C095-4633-9E9B-72645832E6F5}.Debug|Any CPU.Build.0 = Debug|Any CPU
		{619AEC0C-C095-4633-9E9B-72645832E6F5}.Debug|x64.ActiveCfg = Debug|Any CPU
		{619AEC0C-C095-4633-9E9B-72645832E6F5}.Debug|x64.Build.0 = Debug|Any CPU
		{619AEC0C-C095-4633-9E9B-72645832E6F5}.Debug|x86.ActiveCfg = Debug|Any CPU
		{619AEC0C-C095-4633-9E9B-72645832E6F5}.Debug|x86.Build.0 = Debug|Any CPU
		{619AEC0C-C095-4633-9E9B-72645832E6F5}.Release|Any CPU.ActiveCfg = Release|Any CPU
		{619AEC0C-C095-4633-9E9B-72645832E6F5}.Release|Any CPU.Build.0 = Release|Any CPU
		{619AEC0C-C095-4633-9E9B-72645832E6F5}.Release|x64.ActiveCfg = Release|Any CPU
		{619AEC0C-C095-4633-9E9B-72645832E6F5}.Release|x64.Build.0 = Release|Any CPU
		{619AEC0C-C095-4633-9E9B-72645832E6F5}.Release|x86.ActiveCfg = Release|Any CPU
		{619AEC0C-C095-4633-9E9B-72645832E6F5}.Release|x86.Build.0 = Release|Any CPU
		{C687B1E3-EAA6-439B-86A8-342B954BAA81}.Debug|Any CPU.ActiveCfg = Debug|Any CPU
		{C687B1E3-EAA6-439B-86A8-342B954BAA81}.Debug|Any CPU.Build.0 = Debug|Any CPU
		{C687B1E3-EAA6-439B-86A8-342B954BAA81}.Debug|x64.ActiveCfg = Debug|Any CPU
		{C687B1E3-EAA6-439B-86A8-342B954BAA81}.Debug|x64.Build.0 = Debug|Any CPU
		{C687B1E3-EAA6-439B-86A8-342B954BAA81}.Debug|x86.ActiveCfg = Debug|Any CPU
		{C687B1E3-EAA6-439B-86A8-342B954BAA81}.Debug|x86.Build.0 = Debug|Any CPU
		{C687B1E3-EAA6-439B-86A8-342B954BAA81}.Release|Any CPU.ActiveCfg = Release|Any CPU
		{C687B1E3-EAA6-439B-86A8-342B954BAA81}.Release|Any CPU.Build.0 = Release|Any CPU
		{C687B1E3-EAA6-439B-86A8-342B954BAA81}.Release|x64.ActiveCfg = Release|Any CPU
		{C687B1E3-EAA6-439B-86A8-342B954BAA81}.Release|x64.Build.0 = Release|Any CPU
		{C687B1E3-EAA6-439B-86A8-342B954BAA81}.Release|x86.ActiveCfg = Release|Any CPU
		{C687B1E3-EAA6-439B-86A8-342B954BAA81}.Release|x86.Build.0 = Release|Any CPU
		{19BE79F7-59C7-4E3F-9012-06D0EEEDD8EB}.Debug|Any CPU.ActiveCfg = Debug|Any CPU
		{19BE79F7-59C7-4E3F-9012-06D0EEEDD8EB}.Debug|Any CPU.Build.0 = Debug|Any CPU
		{19BE79F7-59C7-4E3F-9012-06D0EEEDD8EB}.Debug|x64.ActiveCfg = Debug|Any CPU
		{19BE79F7-59C7-4E3F-9012-06D0EEEDD8EB}.Debug|x64.Build.0 = Debug|Any CPU
		{19BE79F7-59C7-4E3F-9012-06D0EEEDD8EB}.Debug|x86.ActiveCfg = Debug|Any CPU
		{19BE79F7-59C7-4E3F-9012-06D0EEEDD8EB}.Debug|x86.Build.0 = Debug|Any CPU
		{19BE79F7-59C7-4E3F-9012-06D0EEEDD8EB}.Release|Any CPU.ActiveCfg = Release|Any CPU
		{19BE79F7-59C7-4E3F-9012-06D0EEEDD8EB}.Release|Any CPU.Build.0 = Release|Any CPU
		{19BE79F7-59C7-4E3F-9012-06D0EEEDD8EB}.Release|x64.ActiveCfg = Release|Any CPU
		{19BE79F7-59C7-4E3F-9012-06D0EEEDD8EB}.Release|x64.Build.0 = Release|Any CPU
		{19BE79F7-59C7-4E3F-9012-06D0EEEDD8EB}.Release|x86.ActiveCfg = Release|Any CPU
		{19BE79F7-59C7-4E3F-9012-06D0EEEDD8EB}.Release|x86.Build.0 = Release|Any CPU
		{0D6BBB99-B808-47B2-80B7-03977FD759E4}.Debug|Any CPU.ActiveCfg = Debug|Any CPU
		{0D6BBB99-B808-47B2-80B7-03977FD759E4}.Debug|Any CPU.Build.0 = Debug|Any CPU
		{0D6BBB99-B808-47B2-80B7-03977FD759E4}.Debug|x64.ActiveCfg = Debug|Any CPU
		{0D6BBB99-B808-47B2-80B7-03977FD759E4}.Debug|x64.Build.0 = Debug|Any CPU
		{0D6BBB99-B808-47B2-80B7-03977FD759E4}.Debug|x86.ActiveCfg = Debug|Any CPU
		{0D6BBB99-B808-47B2-80B7-03977FD759E4}.Debug|x86.Build.0 = Debug|Any CPU
		{0D6BBB99-B808-47B2-80B7-03977FD759E4}.Release|Any CPU.ActiveCfg = Release|Any CPU
		{0D6BBB99-B808-47B2-80B7-03977FD759E4}.Release|Any CPU.Build.0 = Release|Any CPU
		{0D6BBB99-B808-47B2-80B7-03977FD759E4}.Release|x64.ActiveCfg = Release|Any CPU
		{0D6BBB99-B808-47B2-80B7-03977FD759E4}.Release|x64.Build.0 = Release|Any CPU
		{0D6BBB99-B808-47B2-80B7-03977FD759E4}.Release|x86.ActiveCfg = Release|Any CPU
		{0D6BBB99-B808-47B2-80B7-03977FD759E4}.Release|x86.Build.0 = Release|Any CPU
	EndGlobalSection
	GlobalSection(SolutionProperties) = preSolution
		HideSolutionNode = FALSE
	EndGlobalSection
	GlobalSection(NestedProjects) = preSolution
		{24E2C0FC-490F-4B99-8471-E0B48E195F38} = {827E0CD3-B72D-47B6-A68D-7590B98EB39B}
		{1DE43FAC-C8C1-4890-81F2-D4EE5BBB42EA} = {827E0CD3-B72D-47B6-A68D-7590B98EB39B}
		{DA5A4863-3109-4AF8-8ABE-52BAF997CCBB} = {827E0CD3-B72D-47B6-A68D-7590B98EB39B}
		{431E5940-1312-4853-84E6-3EB0DB005628} = {827E0CD3-B72D-47B6-A68D-7590B98EB39B}
		{CD80532C-C022-4FCA-A279-87F7F3D48710} = {0AB3BF05-4346-4AA6-1389-037BE0695223}
		{E7D98F15-F091-49BD-BF83-5644EEAFC1DD} = {0AB3BF05-4346-4AA6-1389-037BE0695223}
		{619AEC0C-C095-4633-9E9B-72645832E6F5} = {0AB3BF05-4346-4AA6-1389-037BE0695223}
		{C687B1E3-EAA6-439B-86A8-342B954BAA81} = {0AB3BF05-4346-4AA6-1389-037BE0695223}
		{19BE79F7-59C7-4E3F-9012-06D0EEEDD8EB} = {07C2787E-EAC7-C090-1BA3-A61EC2A24D84}
		{0D6BBB99-B808-47B2-80B7-03977FD759E4} = {07C2787E-EAC7-C090-1BA3-A61EC2A24D84}
	EndGlobalSection
EndGlobal
